{
  "requires": true,
  "lockfileVersion": 1,
  "dependencies": {
    "@hookform/resolvers": {
      "version": "2.7.1",
      "resolved": "https://registry.npmjs.org/@hookform/resolvers/-/resolvers-2.7.1.tgz",
      "integrity": "sha512-dX//pnHJK9CJSz0bURQ7B84vSy1OnqJmB+ziVY4Jvc5VyL2qe0l3ol8QicCkjKxFdlOLlAds+eF0H0u8HELk5A=="
    },
    "react-hook-form": {
      "version": "7.12.2",
      "resolved": "https://registry.npmjs.org/react-hook-form/-/react-hook-form-7.12.2.tgz",
      "integrity": "sha512-cpxocjrgpMAJCMJQR51BQhMoEx80/EQqePNihMTgoTYTqCRbd2GExi+N4GJIr+cFqrmbwNj9wxk5oLWYQsUefg=="
    }
  }
}
